
Microsoft Visual Studio Solution File, Format Version 12.00
# Visual Studio Version 17
VisualStudioVersion = 17.14.36221.1 d17.14
MinimumVisualStudioVersion = 10.0.40219.1
Project("{FAE04EC0-301F-11D3-BF4B-00C04F79EFBC}") = "Proyeto Medicios de LLuvia", "Proyeto Medicios de LLuvia\Proyeto Medicios de LLuvia.csproj", "{7CB160DF-3137-42CA-A721-83FF12B1B030}"
EndProject
Global
	GlobalSection(SolutionConfigurationPlatforms) = preSolution
		Debug|Any CPU = Debug|Any CPU
		Release|Any CPU = Release|Any CPU
	EndGlobalSection
	GlobalSection(ProjectConfigurationPlatforms) = postSolution
		{7CB160DF-3137-42CA-A721-83FF12B1B030}.Debug|Any CPU.ActiveCfg = Debug|Any CPU
		{7CB160DF-3137-42CA-A721-83FF12B1B030}.Debug|Any CPU.Build.0 = Debug|Any CPU
		{7CB160DF-3137-42CA-A721-83FF12B1B030}.Release|Any CPU.ActiveCfg = Release|Any CPU
		{7CB160DF-3137-42CA-A721-83FF12B1B030}.Release|Any CPU.Build.0 = Release|Any CPU
	EndGlobalSection
	GlobalSection(SolutionProperties) = preSolution
		HideSolutionNode = FALSE
	EndGlobalSection
	GlobalSection(ExtensibilityGlobals) = postSolution
		SolutionGuid = {BDCECDB3-F6FC-4F4C-9920-96137151FF13}
	EndGlobalSection
EndGlobal
